
Microsoft Visual Studio Solution File, Format Version 12.00
# Visual Studio Version 16
VisualStudioVersion = 16.0.31424.327
MinimumVisualStudioVersion = 10.0.40219.1
Project("{FAE04EC0-301F-11D3-BF4B-00C04F79EFBC}") = "TamanyoTexto", "TamanyoTexto\TamanyoTexto.csproj", "{ACF75A94-CB88-4A57-B9AE-E56299262337}"
EndProject
Global
	GlobalSection(SolutionConfigurationPlatforms) = preSolution
		Debug|Any CPU = Debug|Any CPU
		Release|Any CPU = Release|Any CPU
	EndGlobalSection
	GlobalSection(ProjectConfigurationPlatforms) = postSolution
		{ACF75A94-CB88-4A57-B9AE-E56299262337}.Debug|Any CPU.ActiveCfg = Debug|Any CPU
		{ACF75A94-CB88-4A57-B9AE-E56299262337}.Debug|Any CPU.Build.0 = Debug|Any CPU
		{ACF75A94-CB88-4A57-B9AE-E56299262337}.Release|Any CPU.ActiveCfg = Release|Any CPU
		{ACF75A94-CB88-4A57-B9AE-E56299262337}.Release|Any CPU.Build.0 = Release|Any CPU
	EndGlobalSection
	GlobalSection(SolutionProperties) = preSolution
		HideSolutionNode = FALSE
	EndGlobalSection
	GlobalSection(ExtensibilityGlobals) = postSolution
		SolutionGuid = {721FEE52-28F5-4B20-9E98-4E7AAA38961B}
	EndGlobalSection
EndGlobal
